// !$*UTF8*$!
{
	archiveVersion = 1;
	classes = {
	};
	objectVersion = 56;
	objects = {

/* Begin PBXBuildFile section */
		8655E2052A39AB480093902D /* AppDelegate.swift in Sources */ = {isa = PBXBuildFile; fileRef = 8655E2042A39AB480093902D /* AppDelegate.swift */; };
		8655E2072A39AB480093902D /* SceneDelegate.swift in Sources */ = {isa = PBXBuildFile; fileRef = 8655E2062A39AB480093902D /* SceneDelegate.swift */; };
		8655E2092A39AB480093902D /* MainTabController.swift in Sources */ = {isa = PBXBuildFile; fileRef = 8655E2082A39AB480093902D /* MainTabController.swift */; };
		8655E20C2A39AB480093902D /* Main.storyboard in Resources */ = {isa = PBXBuildFile; fileRef = 8655E20A2A39AB480093902D /* Main.storyboard */; };
		8655E20E2A39AB490093902D /* Assets.xcassets in Resources */ = {isa = PBXBuildFile; fileRef = 8655E20D2A39AB490093902D /* Assets.xcassets */; };
		8655E2112A39AB490093902D /* LaunchScreen.storyboard in Resources */ = {isa = PBXBuildFile; fileRef = 8655E20F2A39AB490093902D /* LaunchScreen.storyboard */; };
		8655E21C2A39AB490093902D /* MyRecipesTests.swift in Sources */ = {isa = PBXBuildFile; fileRef = 8655E21B2A39AB490093902D /* MyRecipesTests.swift */; };
		8655E2262A39AB490093902D /* MyRecipesUITests.swift in Sources */ = {isa = PBXBuildFile; fileRef = 8655E2252A39AB490093902D /* MyRecipesUITests.swift */; };
		8655E2282A39AB490093902D /* MyRecipesUITestsLaunchTests.swift in Sources */ = {isa = PBXBuildFile; fileRef = 8655E2272A39AB490093902D /* MyRecipesUITestsLaunchTests.swift */; };
		8655E2352A39AB730093902D /* Extenstion.swift in Sources */ = {isa = PBXBuildFile; fileRef = 8655E2342A39AB730093902D /* Extenstion.swift */; };
		8655E2392A39B0630093902D /* GuideViewController.swift in Sources */ = {isa = PBXBuildFile; fileRef = 8655E2382A39B0630093902D /* GuideViewController.swift */; };
		8655E23D2A39B7E50093902D /* MainViewController.swift in Sources */ = {isa = PBXBuildFile; fileRef = 8655E23C2A39B7E50093902D /* MainViewController.swift */; };
		8655E23F2A39B7F00093902D /* MyInfoViewController.swift in Sources */ = {isa = PBXBuildFile; fileRef = 8655E23E2A39B7F00093902D /* MyInfoViewController.swift */; };
		8655E2422A39C1D50093902D /* Soap.swift in Sources */ = {isa = PBXBuildFile; fileRef = 8655E2412A39C1D50093902D /* Soap.swift */; };
		8655E2452A39C3BF0093902D /* SwiftSoup in Frameworks */ = {isa = PBXBuildFile; productRef = 8655E2442A39C3BF0093902D /* SwiftSoup */; };
		8655E2482A3B120D0093902D /* OpenAI in Frameworks */ = {isa = PBXBuildFile; productRef = 8655E2472A3B120D0093902D /* OpenAI */; };
		8655E24A2A3B12590093902D /* OpenAIManager.swift in Sources */ = {isa = PBXBuildFile; fileRef = 8655E2492A3B12590093902D /* OpenAIManager.swift */; };
		8655E24C2A3B29540093902D /* OpenAiKey.swift in Sources */ = {isa = PBXBuildFile; fileRef = 8655E24B2A3B29540093902D /* OpenAiKey.swift */; };
/* End PBXBuildFile section */

/* Begin PBXContainerItemProxy section */
		8655E2182A39AB490093902D /* PBXContainerItemProxy */ = {
			isa = PBXContainerItemProxy;
			containerPortal = 8655E1F92A39AB480093902D /* Project object */;
			proxyType = 1;
			remoteGlobalIDString = 8655E2002A39AB480093902D;
			remoteInfo = MyRecipes;
		};
		8655E2222A39AB490093902D /* PBXContainerItemProxy */ = {
			isa = PBXContainerItemProxy;
			containerPortal = 8655E1F92A39AB480093902D /* Project object */;
			proxyType = 1;
			remoteGlobalIDString = 8655E2002A39AB480093902D;
			remoteInfo = MyRecipes;
		};
/* End PBXContainerItemProxy section */

/* Begin PBXFileReference section */
		8655E2012A39AB480093902D /* MyRecipes.app */ = {isa = PBXFileReference; explicitFileType = wrapper.application; includeInIndex = 0; path = MyRecipes.app; sourceTree = BUILT_PRODUCTS_DIR; };
		8655E2042A39AB480093902D /* AppDelegate.swift */ = {isa = PBXFileReference; lastKnownFileType = sourcecode.swift; path = AppDelegate.swift; sourceTree = "<group>"; };
		8655E2062A39AB480093902D /* SceneDelegate.swift */ = {isa = PBXFileReference; lastKnownFileType = sourcecode.swift; path = SceneDelegate.swift; sourceTree = "<group>"; };
		8655E2082A39AB480093902D /* MainTabController.swift */ = {isa = PBXFileReference; lastKnownFileType = sourcecode.swift; path = MainTabController.swift; sourceTree = "<group>"; };
		8655E20B2A39AB480093902D /* Base */ = {isa = PBXFileReference; lastKnownFileType = file.storyboard; name = Base; path = Base.lproj/Main.storyboard; sourceTree = "<group>"; };
		8655E20D2A39AB490093902D /* Assets.xcassets */ = {isa = PBXFileReference; lastKnownFileType = folder.assetcatalog; path = Assets.xcassets; sourceTree = "<group>"; };
		8655E2102A39AB490093902D /* Base */ = {isa = PBXFileReference; lastKnownFileType = file.storyboard; name = Base; path = Base.lproj/LaunchScreen.storyboard; sourceTree = "<group>"; };
		8655E2122A39AB490093902D /* Info.plist */ = {isa = PBXFileReference; lastKnownFileType = text.plist.xml; path = Info.plist; sourceTree = "<group>"; };
		8655E2172A39AB490093902D /* MyRecipesTests.xctest */ = {isa = PBXFileReference; explicitFileType = wrapper.cfbundle; includeInIndex = 0; path = MyRecipesTests.xctest; sourceTree = BUILT_PRODUCTS_DIR; };
		8655E21B2A39AB490093902D /* MyRecipesTests.swift */ = {isa = PBXFileReference; lastKnownFileType = sourcecode.swift; path = MyRecipesTests.swift; sourceTree = "<group>"; };
		8655E2212A39AB490093902D /* MyRecipesUITests.xctest */ = {isa = PBXFileReference; explicitFileType = wrapper.cfbundle; includeInIndex = 0; path = MyRecipesUITests.xctest; sourceTree = BUILT_PRODUCTS_DIR; };
		8655E2252A39AB490093902D /* MyRecipesUITests.swift */ = {isa = PBXFileReference; lastKnownFileType = sourcecode.swift; path = MyRecipesUITests.swift; sourceTree = "<group>"; };
		8655E2272A39AB490093902D /* MyRecipesUITestsLaunchTests.swift */ = {isa = PBXFileReference; lastKnownFileType = sourcecode.swift; path = MyRecipesUITestsLaunchTests.swift; sourceTree = "<group>"; };
		8655E2342A39AB730093902D /* Extenstion.swift */ = {isa = PBXFileReference; fileEncoding = 4; lastKnownFileType = sourcecode.swift; path = Extenstion.swift; sourceTree = "<group>"; };
		8655E2382A39B0630093902D /* GuideViewController.swift */ = {isa = PBXFileReference; lastKnownFileType = sourcecode.swift; path = GuideViewController.swift; sourceTree = "<group>"; };
		8655E23C2A39B7E50093902D /* MainViewController.swift */ = {isa = PBXFileReference; lastKnownFileType = sourcecode.swift; path = MainViewController.swift; sourceTree = "<group>"; };
		8655E23E2A39B7F00093902D /* MyInfoViewController.swift */ = {isa = PBXFileReference; lastKnownFileType = sourcecode.swift; path = MyInfoViewController.swift; sourceTree = "<group>"; };
		8655E2412A39C1D50093902D /* Soap.swift */ = {isa = PBXFileReference; lastKnownFileType = sourcecode.swift; path = Soap.swift; sourceTree = "<group>"; };
		8655E2492A3B12590093902D /* OpenAIManager.swift */ = {isa = PBXFileReference; lastKnownFileType = sourcecode.swift; path = OpenAIManager.swift; sourceTree = "<group>"; };
		8655E24B2A3B29540093902D /* OpenAiKey.swift */ = {isa = PBXFileReference; lastKnownFileType = sourcecode.swift; path = OpenAiKey.swift; sourceTree = "<group>"; };
/* End PBXFileReference section */

/* Begin PBXFrameworksBuildPhase section */
		8655E1FE2A39AB480093902D /* Frameworks */ = {
			isa = PBXFrameworksBuildPhase;
			buildActionMask = 2147483647;
			files = (
				8655E2482A3B120D0093902D /* OpenAI in Frameworks */,
				8655E2452A39C3BF0093902D /* SwiftSoup in Frameworks */,
			);
			runOnlyForDeploymentPostprocessing = 0;
		};
		8655E2142A39AB490093902D /* Frameworks */ = {
			isa = PBXFrameworksBuildPhase;
			buildActionMask = 2147483647;
			files = (
			);
			runOnlyForDeploymentPostprocessing = 0;
		};
		8655E21E2A39AB490093902D /* Frameworks */ = {
			isa = PBXFrameworksBuildPhase;
			buildActionMask = 2147483647;
			files = (
			);
			runOnlyForDeploymentPostprocessing = 0;
		};
/* End PBXFrameworksBuildPhase section */

/* Begin PBXGroup section */
		8655E1F82A39AB480093902D = {
			isa = PBXGroup;
			children = (
				8655E2032A39AB480093902D /* MyRecipes */,
				8655E21A2A39AB490093902D /* MyRecipesTests */,
				8655E2242A39AB490093902D /* MyRecipesUITests */,
				8655E2022A39AB480093902D /* Products */,
			);
			sourceTree = "<group>";
		};
		8655E2022A39AB480093902D /* Products */ = {
			isa = PBXGroup;
			children = (
				8655E2012A39AB480093902D /* MyRecipes.app */,
				8655E2172A39AB490093902D /* MyRecipesTests.xctest */,
				8655E2212A39AB490093902D /* MyRecipesUITests.xctest */,
			);
			name = Products;
			sourceTree = "<group>";
		};
		8655E2032A39AB480093902D /* MyRecipes */ = {
			isa = PBXGroup;
			children = (
				8655E2042A39AB480093902D /* AppDelegate.swift */,
				8655E2062A39AB480093902D /* SceneDelegate.swift */,
				8655E2372A39B00E0093902D /* Extenstion */,
				8655E2362A39B0070093902D /* Controller */,
				8655E2402A39C1BF0093902D /* API */,
				8655E20A2A39AB480093902D /* Main.storyboard */,
				8655E20D2A39AB490093902D /* Assets.xcassets */,
				8655E20F2A39AB490093902D /* LaunchScreen.storyboard */,
				8655E2122A39AB490093902D /* Info.plist */,
			);
			path = MyRecipes;
			sourceTree = "<group>";
		};
		8655E21A2A39AB490093902D /* MyRecipesTests */ = {
			isa = PBXGroup;
			children = (
				8655E21B2A39AB490093902D /* MyRecipesTests.swift */,
			);
			path = MyRecipesTests;
			sourceTree = "<group>";
		};
		8655E2242A39AB490093902D /* MyRecipesUITests */ = {
			isa = PBXGroup;
			children = (
				8655E2252A39AB490093902D /* MyRecipesUITests.swift */,
				8655E2272A39AB490093902D /* MyRecipesUITestsLaunchTests.swift */,
			);
			path = MyRecipesUITests;
			sourceTree = "<group>";
		};
		8655E2362A39B0070093902D /* Controller */ = {
			isa = PBXGroup;
			children = (
				8655E2082A39AB480093902D /* MainTabController.swift */,
				8655E2382A39B0630093902D /* GuideViewController.swift */,
				8655E23C2A39B7E50093902D /* MainViewController.swift */,
				8655E23E2A39B7F00093902D /* MyInfoViewController.swift */,
			);
			path = Controller;
			sourceTree = "<group>";
		};
		8655E2372A39B00E0093902D /* Extenstion */ = {
			isa = PBXGroup;
			children = (
				8655E2342A39AB730093902D /* Extenstion.swift */,
			);
			path = Extenstion;
			sourceTree = "<group>";
		};
		8655E2402A39C1BF0093902D /* API */ = {
			isa = PBXGroup;
			children = (
				8655E2412A39C1D50093902D /* Soap.swift */,
				8655E2492A3B12590093902D /* OpenAIManager.swift */,
				8655E24B2A3B29540093902D /* OpenAiKey.swift */,
			);
			path = API;
			sourceTree = "<group>";
		};
/* End PBXGroup section */

/* Begin PBXNativeTarget section */
		8655E2002A39AB480093902D /* MyRecipes */ = {
			isa = PBXNativeTarget;
			buildConfigurationList = 8655E22B2A39AB490093902D /* Build configuration list for PBXNativeTarget "MyRecipes" */;
			buildPhases = (
				8655E1FD2A39AB480093902D /* Sources */,
				8655E1FE2A39AB480093902D /* Frameworks */,
				8655E1FF2A39AB480093902D /* Resources */,
			);
			buildRules = (
			);
			dependencies = (
			);
			name = MyRecipes;
			packageProductDependencies = (
				8655E2442A39C3BF0093902D /* SwiftSoup */,
				8655E2472A3B120D0093902D /* OpenAI */,
			);
			productName = MyRecipes;
			productReference = 8655E2012A39AB480093902D /* MyRecipes.app */;
			productType = "com.apple.product-type.application";
		};
		8655E2162A39AB490093902D /* MyRecipesTests */ = {
			isa = PBXNativeTarget;
			buildConfigurationList = 8655E22E2A39AB490093902D /* Build configuration list for PBXNativeTarget "MyRecipesTests" */;
			buildPhases = (
				8655E2132A39AB490093902D /* Sources */,
				8655E2142A39AB490093902D /* Frameworks */,
				8655E2152A39AB490093902D /* Resources */,
			);
			buildRules = (
			);
			dependencies = (
				8655E2192A39AB490093902D /* PBXTargetDependency */,
			);
			name = MyRecipesTests;
			productName = MyRecipesTests;
			productReference = 8655E2172A39AB490093902D /* MyRecipesTests.xctest */;
			productType = "com.apple.product-type.bundle.unit-test";
		};
		8655E2202A39AB490093902D /* MyRecipesUITests */ = {
			isa = PBXNativeTarget;
			buildConfigurationList = 8655E2312A39AB490093902D /* Build configuration list for PBXNativeTarget "MyRecipesUITests" */;
			buildPhases = (
				8655E21D2A39AB490093902D /* Sources */,
				8655E21E2A39AB490093902D /* Frameworks */,
				8655E21F2A39AB490093902D /* Resources */,
			);
			buildRules = (
			);
			dependencies = (
				8655E2232A39AB490093902D /* PBXTargetDependency */,
			);
			name = MyRecipesUITests;
			productName = MyRecipesUITests;
			productReference = 8655E2212A39AB490093902D /* MyRecipesUITests.xctest */;
			productType = "com.apple.product-type.bundle.ui-testing";
		};
/* End PBXNativeTarget section */

/* Begin PBXProject section */
		8655E1F92A39AB480093902D /* Project object */ = {
			isa = PBXProject;
			attributes = {
				BuildIndependentTargetsInParallel = 1;
				LastSwiftUpdateCheck = 1430;
				LastUpgradeCheck = 1430;
				TargetAttributes = {
					8655E2002A39AB480093902D = {
						CreatedOnToolsVersion = 14.3;
					};
					8655E2162A39AB490093902D = {
						CreatedOnToolsVersion = 14.3;
						TestTargetID = 8655E2002A39AB480093902D;
					};
					8655E2202A39AB490093902D = {
						CreatedOnToolsVersion = 14.3;
						TestTargetID = 8655E2002A39AB480093902D;
					};
				};
			};
			buildConfigurationList = 8655E1FC2A39AB480093902D /* Build configuration list for PBXProject "MyRecipes" */;
			compatibilityVersion = "Xcode 14.0";
			developmentRegion = en;
			hasScannedForEncodings = 0;
			knownRegions = (
				en,
				Base,
			);
			mainGroup = 8655E1F82A39AB480093902D;
			packageReferences = (
				8655E2432A39C3BF0093902D /* XCRemoteSwiftPackageReference "SwiftSoup" */,
				8655E2462A3B120D0093902D /* XCRemoteSwiftPackageReference "OpenAI" */,
			);
			productRefGroup = 8655E2022A39AB480093902D /* Products */;
			projectDirPath = "";
			projectRoot = "";
			targets = (
				8655E2002A39AB480093902D /* MyRecipes */,
				8655E2162A39AB490093902D /* MyRecipesTests */,
				8655E2202A39AB490093902D /* MyRecipesUITests */,
			);
		};
/* End PBXProject section */

/* Begin PBXResourcesBuildPhase section */
		8655E1FF2A39AB480093902D /* Resources */ = {
			isa = PBXResourcesBuildPhase;
			buildActionMask = 2147483647;
			files = (
				8655E2112A39AB490093902D /* LaunchScreen.storyboard in Resources */,
				8655E20E2A39AB490093902D /* Assets.xcassets in Resources */,
				8655E20C2A39AB480093902D /* Main.storyboard in Resources */,
			);
			runOnlyForDeploymentPostprocessing = 0;
		};
		8655E2152A39AB490093902D /* Resources */ = {
			isa = PBXResourcesBuildPhase;
			buildActionMask = 2147483647;
			files = (
			);
			runOnlyForDeploymentPostprocessing = 0;
		};
		8655E21F2A39AB490093902D /* Resources */ = {
			isa = PBXResourcesBuildPhase;
			buildActionMask = 2147483647;
			files = (
			);
			runOnlyForDeploymentPostprocessing = 0;
		};
/* End PBXResourcesBuildPhase section */

/* Begin PBXSourcesBuildPhase section */
		8655E1FD2A39AB480093902D /* Sources */ = {
			isa = PBXSourcesBuildPhase;
			buildActionMask = 2147483647;
			files = (
				8655E2422A39C1D50093902D /* Soap.swift in Sources */,
				8655E2352A39AB730093902D /* Extenstion.swift in Sources */,
				8655E2092A39AB480093902D /* MainTabController.swift in Sources */,
				8655E2052A39AB480093902D /* AppDelegate.swift in Sources */,
				8655E24A2A3B12590093902D /* OpenAIManager.swift in Sources */,
				8655E24C2A3B29540093902D /* OpenAiKey.swift in Sources */,
				8655E23F2A39B7F00093902D /* MyInfoViewController.swift in Sources */,
				8655E23D2A39B7E50093902D /* MainViewController.swift in Sources */,
				8655E2392A39B0630093902D /* GuideViewController.swift in Sources */,
				8655E2072A39AB480093902D /* SceneDelegate.swift in Sources */,
			);
			runOnlyForDeploymentPostprocessing = 0;
		};
		8655E2132A39AB490093902D /* Sources */ = {
			isa = PBXSourcesBuildPhase;
			buildActionMask = 2147483647;
			files = (
				8655E21C2A39AB490093902D /* MyRecipesTests.swift in Sources */,
			);
			runOnlyForDeploymentPostprocessing = 0;
		};
		8655E21D2A39AB490093902D /* Sources */ = {
			isa = PBXSourcesBuildPhase;
			buildActionMask = 2147483647;
			files = (
				8655E2282A39AB490093902D /* MyRecipesUITestsLaunchTests.swift in Sources */,
				8655E2262A39AB490093902D /* MyRecipesUITests.swift in Sources */,
			);
			runOnlyForDeploymentPostprocessing = 0;
		};
/* End PBXSourcesBuildPhase section */

/* Begin PBXTargetDependency section */
		8655E2192A39AB490093902D /* PBXTargetDependency */ = {
			isa = PBXTargetDependency;
			target = 8655E2002A39AB480093902D /* MyRecipes */;
			targetProxy = 8655E2182A39AB490093902D /* PBXContainerItemProxy */;
		};
		8655E2232A39AB490093902D /* PBXTargetDependency */ = {
			isa = PBXTargetDependency;
			target = 8655E2002A39AB480093902D /* MyRecipes */;
			targetProxy = 8655E2222A39AB490093902D /* PBXContainerItemProxy */;
		};
/* End PBXTargetDependency section */

/* Begin PBXVariantGroup section */
		8655E20A2A39AB480093902D /* Main.storyboard */ = {
			isa = PBXVariantGroup;
			children = (
				8655E20B2A39AB480093902D /* Base */,
			);
			name = Main.storyboard;
			sourceTree = "<group>";
		};
		8655E20F2A39AB490093902D /* LaunchScreen.storyboard */ = {
			isa = PBXVariantGroup;
			children = (
				8655E2102A39AB490093902D /* Base */,
			);
			name = LaunchScreen.storyboard;
			sourceTree = "<group>";
		};
/* End PBXVariantGroup section */

/* Begin XCBuildConfiguration section */
		8655E2292A39AB490093902D /* Debug */ = {
			isa = XCBuildConfiguration;
			buildSettings = {
				ALWAYS_SEARCH_USER_PATHS = NO;
				CLANG_ANALYZER_NONNULL = YES;
				CLANG_ANALYZER_NUMBER_OBJECT_CONVERSION = YES_AGGRESSIVE;
				CLANG_CXX_LANGUAGE_STANDARD = "gnu++20";
				CLANG_ENABLE_MODULES = YES;
				CLANG_ENABLE_OBJC_ARC = YES;
				CLANG_ENABLE_OBJC_WEAK = YES;
				CLANG_WARN_BLOCK_CAPTURE_AUTORELEASING = YES;
				CLANG_WARN_BOOL_CONVERSION = YES;
				CLANG_WARN_COMMA = YES;
				CLANG_WARN_CONSTANT_CONVERSION = YES;
				CLANG_WARN_DEPRECATED_OBJC_IMPLEMENTATIONS = YES;
				CLANG_WARN_DIRECT_OBJC_ISA_USAGE = YES_ERROR;
				CLANG_WARN_DOCUMENTATION_COMMENTS = YES;
				CLANG_WARN_EMPTY_BODY = YES;
				CLANG_WARN_ENUM_CONVERSION = YES;
				CLANG_WARN_INFINITE_RECURSION = YES;
				CLANG_WARN_INT_CONVERSION = YES;
				CLANG_WARN_NON_LITERAL_NULL_CONVERSION = YES;
				CLANG_WARN_OBJC_IMPLICIT_RETAIN_SELF = YES;
				CLANG_WARN_OBJC_LITERAL_CONVERSION = YES;
				CLANG_WARN_OBJC_ROOT_CLASS = YES_ERROR;
				CLANG_WARN_QUOTED_INCLUDE_IN_FRAMEWORK_HEADER = YES;
				CLANG_WARN_RANGE_LOOP_ANALYSIS = YES;
				CLANG_WARN_STRICT_PROTOTYPES = YES;
				CLANG_WARN_SUSPICIOUS_MOVE = YES;
				CLANG_WARN_UNGUARDED_AVAILABILITY = YES_AGGRESSIVE;
				CLANG_WARN_UNREACHABLE_CODE = YES;
				CLANG_WARN__DUPLICATE_METHOD_MATCH = YES;
				COPY_PHASE_STRIP = NO;
				DEBUG_INFORMATION_FORMAT = dwarf;
				ENABLE_STRICT_OBJC_MSGSEND = YES;
				ENABLE_TESTABILITY = YES;
				GCC_C_LANGUAGE_STANDARD = gnu11;
				GCC_DYNAMIC_NO_PIC = NO;
				GCC_NO_COMMON_BLOCKS = YES;
				GCC_OPTIMIZATION_LEVEL = 0;
				GCC_PREPROCESSOR_DEFINITIONS = (
					"DEBUG=1",
					"$(inherited)",
				);
				GCC_WARN_64_TO_32_BIT_CONVERSION = YES;
				GCC_WARN_ABOUT_RETURN_TYPE = YES_ERROR;
				GCC_WARN_UNDECLARED_SELECTOR = YES;
				GCC_WARN_UNINITIALIZED_AUTOS = YES_AGGRESSIVE;
				GCC_WARN_UNUSED_FUNCTION = YES;
				GCC_WARN_UNUSED_VARIABLE = YES;
				IPHONEOS_DEPLOYMENT_TARGET = 16.4;
				MTL_ENABLE_DEBUG_INFO = INCLUDE_SOURCE;
				MTL_FAST_MATH = YES;
				ONLY_ACTIVE_ARCH = YES;
				SDKROOT = iphoneos;
				SWIFT_ACTIVE_COMPILATION_CONDITIONS = DEBUG;
				SWIFT_OPTIMIZATION_LEVEL = "-Onone";
			};
			name = Debug;
		};
		8655E22A2A39AB490093902D /* Release */ = {
			isa = XCBuildConfiguration;
			buildSettings = {
				ALWAYS_SEARCH_USER_PATHS = NO;
				CLANG_ANALYZER_NONNULL = YES;
				CLANG_ANALYZER_NUMBER_OBJECT_CONVERSION = YES_AGGRESSIVE;
				CLANG_CXX_LANGUAGE_STANDARD = "gnu++20";
				CLANG_ENABLE_MODULES = YES;
				CLANG_ENABLE_OBJC_ARC = YES;
				CLANG_ENABLE_OBJC_WEAK = YES;
				CLANG_WARN_BLOCK_CAPTURE_AUTORELEASING = YES;
				CLANG_WARN_BOOL_CONVERSION = YES;
				CLANG_WARN_COMMA = YES;
				CLANG_WARN_CONSTANT_CONVERSION = YES;
				CLANG_WARN_DEPRECATED_OBJC_IMPLEMENTATIONS = YES;
				CLANG_WARN_DIRECT_OBJC_ISA_USAGE = YES_ERROR;
				CLANG_WARN_DOCUMENTATION_COMMENTS = YES;
				CLANG_WARN_EMPTY_BODY = YES;
				CLANG_WARN_ENUM_CONVERSION = YES;
				CLANG_WARN_INFINITE_RECURSION = YES;
				CLANG_WARN_INT_CONVERSION = YES;
				CLANG_WARN_NON_LITERAL_NULL_CONVERSION = YES;
				CLANG_WARN_OBJC_IMPLICIT_RETAIN_SELF = YES;
				CLANG_WARN_OBJC_LITERAL_CONVERSION = YES;
				CLANG_WARN_OBJC_ROOT_CLASS = YES_ERROR;
				CLANG_WARN_QUOTED_INCLUDE_IN_FRAMEWORK_HEADER = YES;
				CLANG_WARN_RANGE_LOOP_ANALYSIS = YES;
				CLANG_WARN_STRICT_PROTOTYPES = YES;
				CLANG_WARN_SUSPICIOUS_MOVE = YES;
				CLANG_WARN_UNGUARDED_AVAILABILITY = YES_AGGRESSIVE;
				CLANG_WARN_UNREACHABLE_CODE = YES;
				CLANG_WARN__DUPLICATE_METHOD_MATCH = YES;
				COPY_PHASE_STRIP = NO;
				DEBUG_INFORMATION_FORMAT = "dwarf-with-dsym";
				ENABLE_NS_ASSERTIONS = NO;
				ENABLE_STRICT_OBJC_MSGSEND = YES;
				GCC_C_LANGUAGE_STANDARD = gnu11;
				GCC_NO_COMMON_BLOCKS = YES;
				GCC_WARN_64_TO_32_BIT_CONVERSION = YES;
				GCC_WARN_ABOUT_RETURN_TYPE = YES_ERROR;
				GCC_WARN_UNDECLARED_SELECTOR = YES;
				GCC_WARN_UNINITIALIZED_AUTOS = YES_AGGRESSIVE;
				GCC_WARN_UNUSED_FUNCTION = YES;
				GCC_WARN_UNUSED_VARIABLE = YES;
				IPHONEOS_DEPLOYMENT_TARGET = 16.4;
				MTL_ENABLE_DEBUG_INFO = NO;
				MTL_FAST_MATH = YES;
				SDKROOT = iphoneos;
				SWIFT_COMPILATION_MODE = wholemodule;
				SWIFT_OPTIMIZATION_LEVEL = "-O";
				VALIDATE_PRODUCT = YES;
			};
			name = Release;
		};
		8655E22C2A39AB490093902D /* Debug */ = {
			isa = XCBuildConfiguration;
			buildSettings = {
				ASSETCATALOG_COMPILER_APPICON_NAME = AppIcon;
				ASSETCATALOG_COMPILER_GLOBAL_ACCENT_COLOR_NAME = AccentColor;
				CODE_SIGN_STYLE = Automatic;
				CURRENT_PROJECT_VERSION = 1;
				DEVELOPMENT_TEAM = M75X2R2UVV;
				GENERATE_INFOPLIST_FILE = YES;
				INFOPLIST_FILE = MyRecipes/Info.plist;
				INFOPLIST_KEY_UIApplicationSupportsIndirectInputEvents = YES;
				INFOPLIST_KEY_UILaunchStoryboardName = LaunchScreen;
				INFOPLIST_KEY_UIMainStoryboardFile = Main;
				INFOPLIST_KEY_UISupportedInterfaceOrientations_iPad = "UIInterfaceOrientationPortrait UIInterfaceOrientationPortraitUpsideDown UIInterfaceOrientationLandscapeLeft UIInterfaceOrientationLandscapeRight";
				INFOPLIST_KEY_UISupportedInterfaceOrientations_iPhone = "UIInterfaceOrientationPortrait UIInterfaceOrientationLandscapeLeft UIInterfaceOrientationLandscapeRight";
				LD_RUNPATH_SEARCH_PATHS = (
					"$(inherited)",
					"@executable_path/Frameworks",
				);
				MARKETING_VERSION = 1.0;
				PRODUCT_BUNDLE_IDENTIFIER = abctest.MyRecipes;
				PRODUCT_NAME = "$(TARGET_NAME)";
				SWIFT_EMIT_LOC_STRINGS = YES;
				SWIFT_VERSION = 5.0;
				TARGETED_DEVICE_FAMILY = "1,2";
			};
			name = Debug;
		};
		8655E22D2A39AB490093902D /* Release */ = {
			isa = XCBuildConfiguration;
			buildSettings = {
				ASSETCATALOG_COMPILER_APPICON_NAME = AppIcon;
				ASSETCATALOG_COMPILER_GLOBAL_ACCENT_COLOR_NAME = AccentColor;
				CODE_SIGN_STYLE = Automatic;
				CURRENT_PROJECT_VERSION = 1;
				DEVELOPMENT_TEAM = M75X2R2UVV;
				GENERATE_INFOPLIST_FILE = YES;
				INFOPLIST_FILE = MyRecipes/Info.plist;
				INFOPLIST_KEY_UIApplicationSupportsIndirectInputEvents = YES;
				INFOPLIST_KEY_UILaunchStoryboardName = LaunchScreen;
				INFOPLIST_KEY_UIMainStoryboardFile = Main;
				INFOPLIST_KEY_UISupportedInterfaceOrientations_iPad = "UIInterfaceOrientationPortrait UIInterfaceOrientationPortraitUpsideDown UIInterfaceOrientationLandscapeLeft UIInterfaceOrientationLandscapeRight";
				INFOPLIST_KEY_UISupportedInterfaceOrientations_iPhone = "UIInterfaceOrientationPortrait UIInterfaceOrientationLandscapeLeft UIInterfaceOrientationLandscapeRight";
				LD_RUNPATH_SEARCH_PATHS = (
					"$(inherited)",
					"@executable_path/Frameworks",
				);
				MARKETING_VERSION = 1.0;
				PRODUCT_BUNDLE_IDENTIFIER = abctest.MyRecipes;
				PRODUCT_NAME = "$(TARGET_NAME)";
				SWIFT_EMIT_LOC_STRINGS = YES;
				SWIFT_VERSION = 5.0;
				TARGETED_DEVICE_FAMILY = "1,2";
			};
			name = Release;
		};
		8655E22F2A39AB490093902D /* Debug */ = {
			isa = XCBuildConfiguration;
			buildSettings = {
				ALWAYS_EMBED_SWIFT_STANDARD_LIBRARIES = YES;
				BUNDLE_LOADER = "$(TEST_HOST)";
				CODE_SIGN_STYLE = Automatic;
				CURRENT_PROJECT_VERSION = 1;
				DEVELOPMENT_TEAM = M75X2R2UVV;
				GENERATE_INFOPLIST_FILE = YES;
				IPHONEOS_DEPLOYMENT_TARGET = 16.4;
				MARKETING_VERSION = 1.0;
				PRODUCT_BUNDLE_IDENTIFIER = abctest.MyRecipesTests;
				PRODUCT_NAME = "$(TARGET_NAME)";
				SWIFT_EMIT_LOC_STRINGS = NO;
				SWIFT_VERSION = 5.0;
				TARGETED_DEVICE_FAMILY = "1,2";
				TEST_HOST = "$(BUILT_PRODUCTS_DIR)/MyRecipes.app/$(BUNDLE_EXECUTABLE_FOLDER_PATH)/MyRecipes";
			};
			name = Debug;
		};
		8655E2302A39AB490093902D /* Release */ = {
			isa = XCBuildConfiguration;
			buildSettings = {
				ALWAYS_EMBED_SWIFT_STANDARD_LIBRARIES = YES;
				BUNDLE_LOADER = "$(TEST_HOST)";
				CODE_SIGN_STYLE = Automatic;
				CURRENT_PROJECT_VERSION = 1;
				DEVELOPMENT_TEAM = M75X2R2UVV;
				GENERATE_INFOPLIST_FILE = YES;
				IPHONEOS_DEPLOYMENT_TARGET = 16.4;
				MARKETING_VERSION = 1.0;
				PRODUCT_BUNDLE_IDENTIFIER = abctest.MyRecipesTests;
				PRODUCT_NAME = "$(TARGET_NAME)";
				SWIFT_EMIT_LOC_STRINGS = NO;
				SWIFT_VERSION = 5.0;
				TARGETED_DEVICE_FAMILY = "1,2";
				TEST_HOST = "$(BUILT_PRODUCTS_DIR)/MyRecipes.app/$(BUNDLE_EXECUTABLE_FOLDER_PATH)/MyRecipes";
			};
			name = Release;
		};
		8655E2322A39AB490093902D /* Debug */ = {
			isa = XCBuildConfiguration;
			buildSettings = {
				ALWAYS_EMBED_SWIFT_STANDARD_LIBRARIES = YES;
				CODE_SIGN_STYLE = Automatic;
				CURRENT_PROJECT_VERSION = 1;
				DEVELOPMENT_TEAM = M75X2R2UVV;
				GENERATE_INFOPLIST_FILE = YES;
				MARKETING_VERSION = 1.0;
				PRODUCT_BUNDLE_IDENTIFIER = abctest.MyRecipesUITests;
				PRODUCT_NAME = "$(TARGET_NAME)";
				SWIFT_EMIT_LOC_STRINGS = NO;
				SWIFT_VERSION = 5.0;
				TARGETED_DEVICE_FAMILY = "1,2";
				TEST_TARGET_NAME = MyRecipes;
			};
			name = Debug;
		};
		8655E2332A39AB490093902D /* Release */ = {
			isa = XCBuildConfiguration;
			buildSettings = {
				ALWAYS_EMBED_SWIFT_STANDARD_LIBRARIES = YES;
				CODE_SIGN_STYLE = Automatic;
				CURRENT_PROJECT_VERSION = 1;
				DEVELOPMENT_TEAM = M75X2R2UVV;
				GENERATE_INFOPLIST_FILE = YES;
				MARKETING_VERSION = 1.0;
				PRODUCT_BUNDLE_IDENTIFIER = abctest.MyRecipesUITests;
				PRODUCT_NAME = "$(TARGET_NAME)";
				SWIFT_EMIT_LOC_STRINGS = NO;
				SWIFT_VERSION = 5.0;
				TARGETED_DEVICE_FAMILY = "1,2";
				TEST_TARGET_NAME = MyRecipes;
			};
			name = Release;
		};
/* End XCBuildConfiguration section */

/* Begin XCConfigurationList section */
		8655E1FC2A39AB480093902D /* Build configuration list for PBXProject "MyRecipes" */ = {
			isa = XCConfigurationList;
			buildConfigurations = (
				8655E2292A39AB490093902D /* Debug */,
				8655E22A2A39AB490093902D /* Release */,
			);
			defaultConfigurationIsVisible = 0;
			defaultConfigurationName = Release;
		};
		8655E22B2A39AB490093902D /* Build configuration list for PBXNativeTarget "MyRecipes" */ = {
			isa = XCConfigurationList;
			buildConfigurations = (
				8655E22C2A39AB490093902D /* Debug */,
				8655E22D2A39AB490093902D /* Release */,
			);
			defaultConfigurationIsVisible = 0;
			defaultConfigurationName = Release;
		};
		8655E22E2A39AB490093902D /* Build configuration list for PBXNativeTarget "MyRecipesTests" */ = {
			isa = XCConfigurationList;
			buildConfigurations = (
				8655E22F2A39AB490093902D /* Debug */,
				8655E2302A39AB490093902D /* Release */,
			);
			defaultConfigurationIsVisible = 0;
			defaultConfigurationName = Release;
		};
		8655E2312A39AB490093902D /* Build configuration list for PBXNativeTarget "MyRecipesUITests" */ = {
			isa = XCConfigurationList;
			buildConfigurations = (
				8655E2322A39AB490093902D /* Debug */,
				8655E2332A39AB490093902D /* Release */,
			);
			defaultConfigurationIsVisible = 0;
			defaultConfigurationName = Release;
		};
/* End XCConfigurationList section */

/* Begin XCRemoteSwiftPackageReference section */
		8655E2432A39C3BF0093902D /* XCRemoteSwiftPackageReference "SwiftSoup" */ = {
			isa = XCRemoteSwiftPackageReference;
			repositoryURL = "https://github.com/scinfu/SwiftSoup.git";
			requirement = {
				kind = upToNextMajorVersion;
				minimumVersion = 2.0.0;
			};
		};
		8655E2462A3B120D0093902D /* XCRemoteSwiftPackageReference "OpenAI" */ = {
			isa = XCRemoteSwiftPackageReference;
			repositoryURL = "https://github.com/MacPaw/OpenAI.git";
			requirement = {
				kind = upToNextMajorVersion;
				minimumVersion = 0.2.1;
			};
		};
/* End XCRemoteSwiftPackageReference section */

/* Begin XCSwiftPackageProductDependency section */
		8655E2442A39C3BF0093902D /* SwiftSoup */ = {
			isa = XCSwiftPackageProductDependency;
			package = 8655E2432A39C3BF0093902D /* XCRemoteSwiftPackageReference "SwiftSoup" */;
			productName = SwiftSoup;
		};
		8655E2472A3B120D0093902D /* OpenAI */ = {
			isa = XCSwiftPackageProductDependency;
			package = 8655E2462A3B120D0093902D /* XCRemoteSwiftPackageReference "OpenAI" */;
			productName = OpenAI;
		};
/* End XCSwiftPackageProductDependency section */
	};
	rootObject = 8655E1F92A39AB480093902D /* Project object */;
}
